
Microsoft Visual Studio Solution File, Format Version 12.00
# Visual Studio 15
Project("{FAE04EC0-301F-11D3-BF4B-00C04F79EFBC}") = "Tracker", "Tracker\Tracker.csproj", "{6A6804B9-8751-4647-BF50-4C27D4C5DFB7}"
EndProject
Global
	GlobalSection(SolutionConfigurationPlatforms) = preSolution
		Debug|Any CPU = Debug|Any CPU
		Release|Any CPU = Release|Any CPU
	EndGlobalSection
	GlobalSection(ProjectConfigurationPlatforms) = postSolution
		{6A6804B9-8751-4647-BF50-4C27D4C5DFB7}.Debug|Any CPU.ActiveCfg = Debug|Any CPU
		{6A6804B9-8751-4647-BF50-4C27D4C5DFB7}.Debug|Any CPU.Build.0 = Debug|Any CPU
		{6A6804B9-8751-4647-BF50-4C27D4C5DFB7}.Release|Any CPU.ActiveCfg = Release|Any CPU
		{6A6804B9-8751-4647-BF50-4C27D4C5DFB7}.Release|Any CPU.Build.0 = Release|Any CPU
	EndGlobalSection
EndGlobal
